
Microsoft Visual Studio Solution File, Format Version 12.00
# Visual Studio Version 16
VisualStudioVersion = 16.0.29209.62
MinimumVisualStudioVersion = 10.0.40219.1
Project("{FAE04EC0-301F-11D3-BF4B-00C04F79EFBC}") = "StarWarsAPI", "StarWarsAPI\StarWarsAPI.csproj", "{3FEB9E81-7452-4FFD-B414-EE638251F188}"
EndProject
Global
	GlobalSection(SolutionConfigurationPlatforms) = preSolution
		Debug|Any CPU = Debug|Any CPU
		Release|Any CPU = Release|Any CPU
	EndGlobalSection
	GlobalSection(ProjectConfigurationPlatforms) = postSolution
		{3FEB9E81-7452-4FFD-B414-EE638251F188}.Debug|Any CPU.ActiveCfg = Debug|Any CPU
		{3FEB9E81-7452-4FFD-B414-EE638251F188}.Debug|Any CPU.Build.0 = Debug|Any CPU
		{3FEB9E81-7452-4FFD-B414-EE638251F188}.Release|Any CPU.ActiveCfg = Release|Any CPU
		{3FEB9E81-7452-4FFD-B414-EE638251F188}.Release|Any CPU.Build.0 = Release|Any CPU
	EndGlobalSection
	GlobalSection(SolutionProperties) = preSolution
		HideSolutionNode = FALSE
	EndGlobalSection
	GlobalSection(ExtensibilityGlobals) = postSolution
		SolutionGuid = {18A7A633-7C98-47B5-A66D-D2B21F55714C}
	EndGlobalSection
EndGlobal
